// !$*UTF8*$!
{
	archiveVersion = 1;
	classes = {
	};
	objectVersion = 46;
	objects = {

/* Begin PBXBuildFile section */
		049072F6196C3DF200EBB906 /* AppDelegate.swift in Sources */ = {isa = PBXBuildFile; fileRef = 049072F5196C3DF200EBB906 /* AppDelegate.swift */; };
		049072F8196C3DF200EBB906 /* ViewController.swift in Sources */ = {isa = PBXBuildFile; fileRef = 049072F7196C3DF200EBB906 /* ViewController.swift */; };
		049072FB196C3DF200EBB906 /* Main.storyboard in Resources */ = {isa = PBXBuildFile; fileRef = 049072F9196C3DF200EBB906 /* Main.storyboard */; };
		049072FD196C3DF200EBB906 /* Images.xcassets in Resources */ = {isa = PBXBuildFile; fileRef = 049072FC196C3DF200EBB906 /* Images.xcassets */; };
		04907309196C3DF200EBB906 /* SwiftShiftTests.swift in Sources */ = {isa = PBXBuildFile; fileRef = 04907308196C3DF200EBB906 /* SwiftShiftTests.swift */; };
/* End PBXBuildFile section */

/* Begin PBXContainerItemProxy section */
		04907303196C3DF200EBB906 /* PBXContainerItemProxy */ = {
			isa = PBXContainerItemProxy;
			containerPortal = 049072E8196C3DF200EBB906 /* Project object */;
			proxyType = 1;
			remoteGlobalIDString = 049072EF196C3DF200EBB906;
			remoteInfo = SwiftShift;
		};
/* End PBXContainerItemProxy section */

/* Begin PBXFileReference section */
		049072F0196C3DF200EBB906 /* SwiftShift.app */ = {isa = PBXFileReference; explicitFileType = wrapper.application; includeInIndex = 0; path = SwiftShift.app; sourceTree = BUILT_PRODUCTS_DIR; };
		049072F4196C3DF200EBB906 /* Info.plist */ = {isa = PBXFileReference; lastKnownFileType = text.plist.xml; path = Info.plist; sourceTree = "<group>"; };
		049072F5196C3DF200EBB906 /* AppDelegate.swift */ = {isa = PBXFileReference; lastKnownFileType = sourcecode.swift; path = AppDelegate.swift; sourceTree = "<group>"; };
		049072F7196C3DF200EBB906 /* ViewController.swift */ = {isa = PBXFileReference; lastKnownFileType = sourcecode.swift; path = ViewController.swift; sourceTree = "<group>"; };
		049072FA196C3DF200EBB906 /* Base */ = {isa = PBXFileReference; lastKnownFileType = file.storyboard; name = Base; path = Base.lproj/Main.storyboard; sourceTree = "<group>"; };
		049072FC196C3DF200EBB906 /* Images.xcassets */ = {isa = PBXFileReference; lastKnownFileType = folder.assetcatalog; path = Images.xcassets; sourceTree = "<group>"; };
		04907302196C3DF200EBB906 /* SwiftShiftTests.xctest */ = {isa = PBXFileReference; explicitFileType = wrapper.cfbundle; includeInIndex = 0; path = SwiftShiftTests.xctest; sourceTree = BUILT_PRODUCTS_DIR; };
		04907307196C3DF200EBB906 /* Info.plist */ = {isa = PBXFileReference; lastKnownFileType = text.plist.xml; path = Info.plist; sourceTree = "<group>"; };
		04907308196C3DF200EBB906 /* SwiftShiftTests.swift */ = {isa = PBXFileReference; lastKnownFileType = sourcecode.swift; path = SwiftShiftTests.swift; sourceTree = "<group>"; };
/* End PBXFileReference section */

/* Begin PBXFrameworksBuildPhase section */
		049072ED196C3DF200EBB906 /* Frameworks */ = {
			isa = PBXFrameworksBuildPhase;
			buildActionMask = 2147483647;
			files = (
			);
			runOnlyForDeploymentPostprocessing = 0;
		};
		049072FF196C3DF200EBB906 /* Frameworks */ = {
			isa = PBXFrameworksBuildPhase;
			buildActionMask = 2147483647;
			files = (
			);
			runOnlyForDeploymentPostprocessing = 0;
		};
/* End PBXFrameworksBuildPhase section */

/* Begin PBXGroup section */
		049072E7196C3DF200EBB906 = {
			isa = PBXGroup;
			children = (
				049072F2196C3DF200EBB906 /* SwiftShift */,
				04907305196C3DF200EBB906 /* SwiftShiftTests */,
				049072F1196C3DF200EBB906 /* Products */,
			);
			sourceTree = "<group>";
		};
		049072F1196C3DF200EBB906 /* Products */ = {
			isa = PBXGroup;
			children = (
				049072F0196C3DF200EBB906 /* SwiftShift.app */,
				04907302196C3DF200EBB906 /* SwiftShiftTests.xctest */,
			);
			name = Products;
			sourceTree = "<group>";
		};
		049072F2196C3DF200EBB906 /* SwiftShift */ = {
			isa = PBXGroup;
			children = (
				049072F5196C3DF200EBB906 /* AppDelegate.swift */,
				049072F7196C3DF200EBB906 /* ViewController.swift */,
				049072F9196C3DF200EBB906 /* Main.storyboard */,
				049072FC196C3DF200EBB906 /* Images.xcassets */,
				049072F3196C3DF200EBB906 /* Supporting Files */,
			);
			path = SwiftShift;
			sourceTree = "<group>";
		};
		049072F3196C3DF200EBB906 /* Supporting Files */ = {
			isa = PBXGroup;
			children = (
				049072F4196C3DF200EBB906 /* Info.plist */,
			);
			name = "Supporting Files";
			sourceTree = "<group>";
		};
		04907305196C3DF200EBB906 /* SwiftShiftTests */ = {
			isa = PBXGroup;
			children = (
				04907308196C3DF200EBB906 /* SwiftShiftTests.swift */,
				04907306196C3DF200EBB906 /* Supporting Files */,
			);
			path = SwiftShiftTests;
			sourceTree = "<group>";
		};
		04907306196C3DF200EBB906 /* Supporting Files */ = {
			isa = PBXGroup;
			children = (
				04907307196C3DF200EBB906 /* Info.plist */,
			);
			name = "Supporting Files";
			sourceTree = "<group>";
		};
/* End PBXGroup section */

/* Begin PBXNativeTarget section */
		049072EF196C3DF200EBB906 /* SwiftShift */ = {
			isa = PBXNativeTarget;
			buildConfigurationList = 0490730C196C3DF200EBB906 /* Build configuration list for PBXNativeTarget "SwiftShift" */;
			buildPhases = (
				049072EC196C3DF200EBB906 /* Sources */,
				049072ED196C3DF200EBB906 /* Frameworks */,
				049072EE196C3DF200EBB906 /* Resources */,
			);
			buildRules = (
			);
			dependencies = (
			);
			name = SwiftShift;
			productName = SwiftShift;
			productReference = 049072F0196C3DF200EBB906 /* SwiftShift.app */;
			productType = "com.apple.product-type.application";
		};
		04907301196C3DF200EBB906 /* SwiftShiftTests */ = {
			isa = PBXNativeTarget;
			buildConfigurationList = 0490730F196C3DF200EBB906 /* Build configuration list for PBXNativeTarget "SwiftShiftTests" */;
			buildPhases = (
				049072FE196C3DF200EBB906 /* Sources */,
				049072FF196C3DF200EBB906 /* Frameworks */,
				04907300196C3DF200EBB906 /* Resources */,
			);
			buildRules = (
			);
			dependencies = (
				04907304196C3DF200EBB906 /* PBXTargetDependency */,
			);
			name = SwiftShiftTests;
			productName = SwiftShiftTests;
			productReference = 04907302196C3DF200EBB906 /* SwiftShiftTests.xctest */;
			productType = "com.apple.product-type.bundle.unit-test";
		};
/* End PBXNativeTarget section */

/* Begin PBXProject section */
		049072E8196C3DF200EBB906 /* Project object */ = {
			isa = PBXProject;
			attributes = {
				LastUpgradeCheck = 0600;
				ORGANIZATIONNAME = i2097i;
				TargetAttributes = {
					049072EF196C3DF200EBB906 = {
						CreatedOnToolsVersion = 6.0;
					};
					04907301196C3DF200EBB906 = {
						CreatedOnToolsVersion = 6.0;
						TestTargetID = 049072EF196C3DF200EBB906;
					};
				};
			};
			buildConfigurationList = 049072EB196C3DF200EBB906 /* Build configuration list for PBXProject "SwiftShift" */;
			compatibilityVersion = "Xcode 3.2";
			developmentRegion = English;
			hasScannedForEncodings = 0;
			knownRegions = (
				en,
				Base,
			);
			mainGroup = 049072E7196C3DF200EBB906;
			productRefGroup = 049072F1196C3DF200EBB906 /* Products */;
			projectDirPath = "";
			projectRoot = "";
			targets = (
				049072EF196C3DF200EBB906 /* SwiftShift */,
				04907301196C3DF200EBB906 /* SwiftShiftTests */,
			);
		};
/* End PBXProject section */

/* Begin PBXResourcesBuildPhase section */
		049072EE196C3DF200EBB906 /* Resources */ = {
			isa = PBXResourcesBuildPhase;
			buildActionMask = 2147483647;
			files = (
				049072FB196C3DF200EBB906 /* Main.storyboard in Resources */,
				049072FD196C3DF200EBB906 /* Images.xcassets in Resources */,
			);
			runOnlyForDeploymentPostprocessing = 0;
		};
		04907300196C3DF200EBB906 /* Resources */ = {
			isa = PBXResourcesBuildPhase;
			buildActionMask = 2147483647;
			files = (
			);
			runOnlyForDeploymentPostprocessing = 0;
		};
/* End PBXResourcesBuildPhase section */

/* Begin PBXSourcesBuildPhase section */
		049072EC196C3DF200EBB906 /* Sources */ = {
			isa = PBXSourcesBuildPhase;
			buildActionMask = 2147483647;
			files = (
				049072F8196C3DF200EBB906 /* ViewController.swift in Sources */,
				049072F6196C3DF200EBB906 /* AppDelegate.swift in Sources */,
			);
			runOnlyForDeploymentPostprocessing = 0;
		};
		049072FE196C3DF200EBB906 /* Sources */ = {
			isa = PBXSourcesBuildPhase;
			buildActionMask = 2147483647;
			files = (
				04907309196C3DF200EBB906 /* SwiftShiftTests.swift in Sources */,
			);
			runOnlyForDeploymentPostprocessing = 0;
		};
/* End PBXSourcesBuildPhase section */

/* Begin PBXTargetDependency section */
		04907304196C3DF200EBB906 /* PBXTargetDependency */ = {
			isa = PBXTargetDependency;
			target = 049072EF196C3DF200EBB906 /* SwiftShift */;
			targetProxy = 04907303196C3DF200EBB906 /* PBXContainerItemProxy */;
		};
/* End PBXTargetDependency section */

/* Begin PBXVariantGroup section */
		049072F9196C3DF200EBB906 /* Main.storyboard */ = {
			isa = PBXVariantGroup;
			children = (
				049072FA196C3DF200EBB906 /* Base */,
			);
			name = Main.storyboard;
			sourceTree = "<group>";
		};
/* End PBXVariantGroup section */

/* Begin XCBuildConfiguration section */
		0490730A196C3DF200EBB906 /* Debug */ = {
			isa = XCBuildConfiguration;
			buildSettings = {
				ALWAYS_SEARCH_USER_PATHS = NO;
				CLANG_CXX_LANGUAGE_STANDARD = "gnu++0x";
				CLANG_CXX_LIBRARY = "libc++";
				CLANG_ENABLE_MODULES = YES;
				CLANG_ENABLE_OBJC_ARC = YES;
				CLANG_WARN_BOOL_CONVERSION = YES;
				CLANG_WARN_CONSTANT_CONVERSION = YES;
				CLANG_WARN_DIRECT_OBJC_ISA_USAGE = YES_ERROR;
				CLANG_WARN_EMPTY_BODY = YES;
				CLANG_WARN_ENUM_CONVERSION = YES;
				CLANG_WARN_INT_CONVERSION = YES;
				CLANG_WARN_OBJC_ROOT_CLASS = YES_ERROR;
				CLANG_WARN_UNREACHABLE_CODE = YES;
				CLANG_WARN__DUPLICATE_METHOD_MATCH = YES;
				"CODE_SIGN_IDENTITY[sdk=iphoneos*]" = "iPhone Developer";
				COPY_PHASE_STRIP = NO;
				ENABLE_STRICT_OBJC_MSGSEND = YES;
				GCC_C_LANGUAGE_STANDARD = gnu99;
				GCC_DYNAMIC_NO_PIC = NO;
				GCC_OPTIMIZATION_LEVEL = 0;
				GCC_PREPROCESSOR_DEFINITIONS = (
					"DEBUG=1",
					"$(inherited)",
				);
				GCC_SYMBOLS_PRIVATE_EXTERN = NO;
				GCC_WARN_64_TO_32_BIT_CONVERSION = YES;
				GCC_WARN_ABOUT_RETURN_TYPE = YES_ERROR;
				GCC_WARN_UNDECLARED_SELECTOR = YES;
				GCC_WARN_UNINITIALIZED_AUTOS = YES_AGGRESSIVE;
				GCC_WARN_UNUSED_FUNCTION = YES;
				GCC_WARN_UNUSED_VARIABLE = YES;
				IPHONEOS_DEPLOYMENT_TARGET = 8.0;
				MTL_ENABLE_DEBUG_INFO = YES;
				ONLY_ACTIVE_ARCH = YES;
				SDKROOT = iphoneos;
				SWIFT_OPTIMIZATION_LEVEL = "-Onone";
				TARGETED_DEVICE_FAMILY = "1,2";
			};
			name = Debug;
		};
		0490730B196C3DF200EBB906 /* Release */ = {
			isa = XCBuildConfiguration;
			buildSettings = {
				ALWAYS_SEARCH_USER_PATHS = NO;
				CLANG_CXX_LANGUAGE_STANDARD = "gnu++0x";
				CLANG_CXX_LIBRARY = "libc++";
				CLANG_ENABLE_MODULES = YES;
				CLANG_ENABLE_OBJC_ARC = YES;
				CLANG_WARN_BOOL_CONVERSION = YES;
				CLANG_WARN_CONSTANT_CONVERSION = YES;
				CLANG_WARN_DIRECT_OBJC_ISA_USAGE = YES_ERROR;
				CLANG_WARN_EMPTY_BODY = YES;
				CLANG_WARN_ENUM_CONVERSION = YES;
				CLANG_WARN_INT_CONVERSION = YES;
				CLANG_WARN_OBJC_ROOT_CLASS = YES_ERROR;
				CLANG_WARN_UNREACHABLE_CODE = YES;
				CLANG_WARN__DUPLICATE_METHOD_MATCH = YES;
				"CODE_SIGN_IDENTITY[sdk=iphoneos*]" = "iPhone Developer";
				COPY_PHASE_STRIP = YES;
				ENABLE_NS_ASSERTIONS = NO;
				ENABLE_STRICT_OBJC_MSGSEND = YES;
				GCC_C_LANGUAGE_STANDARD = gnu99;
				GCC_WARN_64_TO_32_BIT_CONVERSION = YES;
				GCC_WARN_ABOUT_RETURN_TYPE = YES_ERROR;
				GCC_WARN_UNDECLARED_SELECTOR = YES;
				GCC_WARN_UNINITIALIZED_AUTOS = YES_AGGRESSIVE;
				GCC_WARN_UNUSED_FUNCTION = YES;
				GCC_WARN_UNUSED_VARIABLE = YES;
				IPHONEOS_DEPLOYMENT_TARGET = 8.0;
				MTL_ENABLE_DEBUG_INFO = NO;
				SDKROOT = iphoneos;
				TARGETED_DEVICE_FAMILY = "1,2";
				VALIDATE_PRODUCT = YES;
			};
			name = Release;
		};
		0490730D196C3DF200EBB906 /* Debug */ = {
			isa = XCBuildConfiguration;
			buildSettings = {
				ASSETCATALOG_COMPILER_APPICON_NAME = AppIcon;
				ASSETCATALOG_COMPILER_LAUNCHIMAGE_NAME = LaunchImage;
				INFOPLIST_FILE = SwiftShift/Info.plist;
				LD_RUNPATH_SEARCH_PATHS = "$(inherited) @executable_path/Frameworks";
				PRODUCT_NAME = "$(TARGET_NAME)";
			};
			name = Debug;
		};
		0490730E196C3DF200EBB906 /* Release */ = {
			isa = XCBuildConfiguration;
			buildSettings = {
				ASSETCATALOG_COMPILER_APPICON_NAME = AppIcon;
				ASSETCATALOG_COMPILER_LAUNCHIMAGE_NAME = LaunchImage;
				INFOPLIST_FILE = SwiftShift/Info.plist;
				LD_RUNPATH_SEARCH_PATHS = "$(inherited) @executable_path/Frameworks";
				PRODUCT_NAME = "$(TARGET_NAME)";
			};
			name = Release;
		};
		04907310196C3DF200EBB906 /* Debug */ = {
			isa = XCBuildConfiguration;
			buildSettings = {
				BUNDLE_LOADER = "$(BUILT_PRODUCTS_DIR)/SwiftShift.app/SwiftShift";
				FRAMEWORK_SEARCH_PATHS = (
					"$(SDKROOT)/Developer/Library/Frameworks",
					"$(inherited)",
				);
				GCC_PREPROCESSOR_DEFINITIONS = (
					"DEBUG=1",
					"$(inherited)",
				);
				INFOPLIST_FILE = SwiftShiftTests/Info.plist;
				LD_RUNPATH_SEARCH_PATHS = "$(inherited) @executable_path/Frameworks @loader_path/Frameworks";
				PRODUCT_NAME = "$(TARGET_NAME)";
				TEST_HOST = "$(BUNDLE_LOADER)";
			};
			name = Debug;
		};
		04907311196C3DF200EBB906 /* Release */ = {
			isa = XCBuildConfiguration;
			buildSettings = {
				BUNDLE_LOADER = "$(BUILT_PRODUCTS_DIR)/SwiftShift.app/SwiftShift";
				FRAMEWORK_SEARCH_PATHS = (
					"$(SDKROOT)/Developer/Library/Frameworks",
					"$(inherited)",
				);
				INFOPLIST_FILE = SwiftShiftTests/Info.plist;
				LD_RUNPATH_SEARCH_PATHS = "$(inherited) @executable_path/Frameworks @loader_path/Frameworks";
				PRODUCT_NAME = "$(TARGET_NAME)";
				TEST_HOST = "$(BUNDLE_LOADER)";
			};
			name = Release;
		};
/* End XCBuildConfiguration section */

/* Begin XCConfigurationList section */
		049072EB196C3DF200EBB906 /* Build configuration list for PBXProject "SwiftShift" */ = {
			isa = XCConfigurationList;
			buildConfigurations = (
				0490730A196C3DF200EBB906 /* Debug */,
				0490730B196C3DF200EBB906 /* Release */,
			);
			defaultConfigurationIsVisible = 0;
			defaultConfigurationName = Release;
		};
		0490730C196C3DF200EBB906 /* Build configuration list for PBXNativeTarget "SwiftShift" */ = {
			isa = XCConfigurationList;
			buildConfigurations = (
				0490730D196C3DF200EBB906 /* Debug */,
				0490730E196C3DF200EBB906 /* Release */,
			);
			defaultConfigurationIsVisible = 0;
		};
		0490730F196C3DF200EBB906 /* Build configuration list for PBXNativeTarget "SwiftShiftTests" */ = {
			isa = XCConfigurationList;
			buildConfigurations = (
				04907310196C3DF200EBB906 /* Debug */,
				04907311196C3DF200EBB906 /* Release */,
			);
			defaultConfigurationIsVisible = 0;
		};
/* End XCConfigurationList section */
	};
	rootObject = 049072E8196C3DF200EBB906 /* Project object */;
}
